
Microsoft Visual Studio Solution File, Format Version 12.00
# Visual Studio Version 17
VisualStudioVersion = 17.9.34622.214
MinimumVisualStudioVersion = 10.0.40219.1
Project("{FAE04EC0-301F-11D3-BF4B-00C04F79EFBC}") = "EmployeeAndProject", "EmployeeAndProject\EmployeeAndProject.csproj", "{DBA2BE27-0FBE-484C-A8CF-66FBD8AAC900}"
EndProject
Global
	GlobalSection(SolutionConfigurationPlatforms) = preSolution
		Debug|Any CPU = Debug|Any CPU
		Release|Any CPU = Release|Any CPU
	EndGlobalSection
	GlobalSection(ProjectConfigurationPlatforms) = postSolution
		{DBA2BE27-0FBE-484C-A8CF-66FBD8AAC900}.Debug|Any CPU.ActiveCfg = Debug|Any CPU
		{DBA2BE27-0FBE-484C-A8CF-66FBD8AAC900}.Debug|Any CPU.Build.0 = Debug|Any CPU
		{DBA2BE27-0FBE-484C-A8CF-66FBD8AAC900}.Release|Any CPU.ActiveCfg = Release|Any CPU
		{DBA2BE27-0FBE-484C-A8CF-66FBD8AAC900}.Release|Any CPU.Build.0 = Release|Any CPU
	EndGlobalSection
	GlobalSection(SolutionProperties) = preSolution
		HideSolutionNode = FALSE
	EndGlobalSection
	GlobalSection(ExtensibilityGlobals) = postSolution
		SolutionGuid = {DC74A1B9-FE3F-4839-97C7-4FD71B54EEF3}
	EndGlobalSection
EndGlobal
